Microsoft Visual Studio Solution File, Format Version 12.00
# Visual Studio 14
VisualStudioVersion = 14.0.25123.0
MinimumVisualStudioVersion = 10.0.40219.1
Project("{FAE04EC0-301F-11D3-BF4B-00C04F79EFBC}") = "BleSample.Droid", "Droid\BleSample.Droid.csproj", "{07CBCC3B-29B9-4095-A801-A116EBFAE823}"
EndProject
Project("{FAE04EC0-301F-11D3-BF4B-00C04F79EFBC}") = "BleSample.iOS", "iOS\BleSample.iOS.csproj", "{11F3BC96-458A-4291-8851-F8480D3C3B7B}"
EndProject
Project("{FAE04EC0-301F-11D3-BF4B-00C04F79EFBC}") = "BleSample", "BleSample\BleSample.csproj", "{5563DE3E-6AFF-47E8-8C19-833AEB9E1EFA}"
EndProject
Global
	GlobalSection(SolutionConfigurationPlatforms) = preSolution
		Debug|Any CPU = Debug|Any CPU
		Debug|iPhone = Debug|iPhone
		Debug|iPhoneSimulator = Debug|iPhoneSimulator
		Release|Any CPU = Release|Any CPU
		Release|iPhone = Release|iPhone
		Release|iPhoneSimulator = Release|iPhoneSimulator
	EndGlobalSection
	GlobalSection(ProjectConfigurationPlatforms) = postSolution
		{07CBCC3B-29B9-4095-A801-A116EBFAE823}.Debug|Any CPU.ActiveCfg = Debug|Any CPU
		{07CBCC3B-29B9-4095-A801-A116EBFAE823}.Debug|Any CPU.Build.0 = Debug|Any CPU
		{07CBCC3B-29B9-4095-A801-A116EBFAE823}.Debug|Any CPU.Deploy.0 = Debug|Any CPU
		{07CBCC3B-29B9-4095-A801-A116EBFAE823}.Debug|iPhone.ActiveCfg = Debug|Any CPU
		{07CBCC3B-29B9-4095-A801-A116EBFAE823}.Debug|iPhone.Build.0 = Debug|Any CPU
		{07CBCC3B-29B9-4095-A801-A116EBFAE823}.Debug|iPhoneSimulator.ActiveCfg = Debug|Any CPU
		{07CBCC3B-29B9-4095-A801-A116EBFAE823}.Debug|iPhoneSimulator.Build.0 = Debug|Any CPU
		{07CBCC3B-29B9-4095-A801-A116EBFAE823}.Release|Any CPU.ActiveCfg = Release|Any CPU
		{07CBCC3B-29B9-4095-A801-A116EBFAE823}.Release|Any CPU.Build.0 = Release|Any CPU
		{07CBCC3B-29B9-4095-A801-A116EBFAE823}.Release|iPhone.ActiveCfg = Release|Any CPU
		{07CBCC3B-29B9-4095-A801-A116EBFAE823}.Release|iPhone.Build.0 = Release|Any CPU
		{07CBCC3B-29B9-4095-A801-A116EBFAE823}.Release|iPhoneSimulator.ActiveCfg = Release|Any CPU
		{07CBCC3B-29B9-4095-A801-A116EBFAE823}.Release|iPhoneSimulator.Build.0 = Release|Any CPU
		{11F3BC96-458A-4291-8851-F8480D3C3B7B}.Debug|Any CPU.ActiveCfg = Debug|iPhoneSimulator
		{11F3BC96-458A-4291-8851-F8480D3C3B7B}.Debug|Any CPU.Build.0 = Debug|iPhoneSimulator
		{11F3BC96-458A-4291-8851-F8480D3C3B7B}.Debug|iPhone.ActiveCfg = Debug|iPhone
		{11F3BC96-458A-4291-8851-F8480D3C3B7B}.Debug|iPhone.Build.0 = Debug|iPhone
		{11F3BC96-458A-4291-8851-F8480D3C3B7B}.Debug|iPhoneSimulator.ActiveCfg = Debug|iPhoneSimulator
		{11F3BC96-458A-4291-8851-F8480D3C3B7B}.Debug|iPhoneSimulator.Build.0 = Debug|iPhoneSimulator
		{11F3BC96-458A-4291-8851-F8480D3C3B7B}.Release|Any CPU.ActiveCfg = Release|iPhone
		{11F3BC96-458A-4291-8851-F8480D3C3B7B}.Release|Any CPU.Build.0 = Release|iPhone
		{11F3BC96-458A-4291-8851-F8480D3C3B7B}.Release|iPhone.ActiveCfg = Release|iPhone
		{11F3BC96-458A-4291-8851-F8480D3C3B7B}.Release|iPhone.Build.0 = Release|iPhone
		{11F3BC96-458A-4291-8851-F8480D3C3B7B}.Release|iPhoneSimulator.ActiveCfg = Release|iPhoneSimulator
		{11F3BC96-458A-4291-8851-F8480D3C3B7B}.Release|iPhoneSimulator.Build.0 = Release|iPhoneSimulator
		{5563DE3E-6AFF-47E8-8C19-833AEB9E1EFA}.Debug|Any CPU.ActiveCfg = Debug|Any CPU
		{5563DE3E-6AFF-47E8-8C19-833AEB9E1EFA}.Debug|Any CPU.Build.0 = Debug|Any CPU
		{5563DE3E-6AFF-47E8-8C19-833AEB9E1EFA}.Debug|iPhone.ActiveCfg = Debug|Any CPU
		{5563DE3E-6AFF-47E8-8C19-833AEB9E1EFA}.Debug|iPhone.Build.0 = Debug|Any CPU
		{5563DE3E-6AFF-47E8-8C19-833AEB9E1EFA}.Debug|iPhoneSimulator.ActiveCfg = Debug|Any CPU
		{5563DE3E-6AFF-47E8-8C19-833AEB9E1EFA}.Debug|iPhoneSimulator.Build.0 = Debug|Any CPU
		{5563DE3E-6AFF-47E8-8C19-833AEB9E1EFA}.Release|Any CPU.ActiveCfg = Release|Any CPU
		{5563DE3E-6AFF-47E8-8C19-833AEB9E1EFA}.Release|Any CPU.Build.0 = Release|Any CPU
		{5563DE3E-6AFF-47E8-8C19-833AEB9E1EFA}.Release|iPhone.ActiveCfg = Release|Any CPU
		{5563DE3E-6AFF-47E8-8C19-833AEB9E1EFA}.Release|iPhone.Build.0 = Release|Any CPU
		{5563DE3E-6AFF-47E8-8C19-833AEB9E1EFA}.Release|iPhoneSimulator.ActiveCfg = Release|Any CPU
		{5563DE3E-6AFF-47E8-8C19-833AEB9E1EFA}.Release|iPhoneSimulator.Build.0 = Release|Any CPU
	EndGlobalSection
	GlobalSection(SolutionProperties) = preSolution
		HideSolutionNode = FALSE
	EndGlobalSection
EndGlobal
